// !$*UTF8*$!
{
	archiveVersion = 1;
	classes = {
	};
	objectVersion = 77;
	objects = {

/* Begin PBXContainerItemProxy section */
		A1FFD81C2CC0A2B10062FCEE /* PBXContainerItemProxy */ = {
			isa = PBXContainerItemProxy;
			containerPortal = A1FFD8032CC0A2B00062FCEE /* Project object */;
			proxyType = 1;
			remoteGlobalIDString = A1FFD80A2CC0A2B00062FCEE;
			remoteInfo = testar;
		};
		A1FFD8262CC0A2B10062FCEE /* PBXContainerItemProxy */ = {
			isa = PBXContainerItemProxy;
			containerPortal = A1FFD8032CC0A2B00062FCEE /* Project object */;
			proxyType = 1;
			remoteGlobalIDString = A1FFD80A2CC0A2B00062FCEE;
			remoteInfo = testar;
		};
/* End PBXContainerItemProxy section */

/* Begin PBXFileReference section */
		A1FFD80B2CC0A2B00062FCEE /* testar.app */ = {isa = PBXFileReference; explicitFileType = wrapper.application; includeInIndex = 0; path = testar.app; sourceTree = BUILT_PRODUCTS_DIR; };
		A1FFD81B2CC0A2B10062FCEE /* testarTests.xctest */ = {isa = PBXFileReference; explicitFileType = wrapper.cfbundle; includeInIndex = 0; path = testarTests.xctest; sourceTree = BUILT_PRODUCTS_DIR; };
		A1FFD8252CC0A2B10062FCEE /* testarUITests.xctest */ = {isa = PBXFileReference; explicitFileType = wrapper.cfbundle; includeInIndex = 0; path = testarUITests.xctest; sourceTree = BUILT_PRODUCTS_DIR; };
/* End PBXFileReference section */

/* Begin PBXFileSystemSynchronizedBuildFileExceptionSet section */
		A184BDD12D0618C6009E4274 /* Exceptions for "testar" folder in "testar" target */ = {
			isa = PBXFileSystemSynchronizedBuildFileExceptionSet;
			membershipExceptions = (
				Info.plist,
			);
			target = A1FFD80A2CC0A2B00062FCEE /* testar */;
		};
/* End PBXFileSystemSynchronizedBuildFileExceptionSet section */

/* Begin PBXFileSystemSynchronizedRootGroup section */
		A1FFD80D2CC0A2B00062FCEE /* testar */ = {
			isa = PBXFileSystemSynchronizedRootGroup;
			exceptions = (
				A184BDD12D0618C6009E4274 /* Exceptions for "testar" folder in "testar" target */,
			);
			path = testar;
			sourceTree = "<group>";
		};
		A1FFD81E2CC0A2B10062FCEE /* testarTests */ = {
			isa = PBXFileSystemSynchronizedRootGroup;
			path = testarTests;
			sourceTree = "<group>";
		};
		A1FFD8282CC0A2B10062FCEE /* testarUITests */ = {
			isa = PBXFileSystemSynchronizedRootGroup;
			path = testarUITests;
			sourceTree = "<group>";
		};
/* End PBXFileSystemSynchronizedRootGroup section */

/* Begin PBXFrameworksBuildPhase section */
		A1FFD8082CC0A2B00062FCEE /* Frameworks */ = {
			isa = PBXFrameworksBuildPhase;
			buildActionMask = 2147483647;
			files = (
			);
			runOnlyForDeploymentPostprocessing = 0;
		};
		A1FFD8182CC0A2B10062FCEE /* Frameworks */ = {
			isa = PBXFrameworksBuildPhase;
			buildActionMask = 2147483647;
			files = (
			);
			runOnlyForDeploymentPostprocessing = 0;
		};
		A1FFD8222CC0A2B10062FCEE /* Frameworks */ = {
			isa = PBXFrameworksBuildPhase;
			buildActionMask = 2147483647;
			files = (
			);
			runOnlyForDeploymentPostprocessing = 0;
		};
/* End PBXFrameworksBuildPhase section */

/* Begin PBXGroup section */
		A1FFD8022CC0A2B00062FCEE = {
			isa = PBXGroup;
			children = (
				A1FFD80D2CC0A2B00062FCEE /* testar */,
				A1FFD81E2CC0A2B10062FCEE /* testarTests */,
				A1FFD8282CC0A2B10062FCEE /* testarUITests */,
				A1FFD80C2CC0A2B00062FCEE /* Products */,
			);
			sourceTree = "<group>";
		};
		A1FFD80C2CC0A2B00062FCEE /* Products */ = {
			isa = PBXGroup;
			children = (
				A1FFD80B2CC0A2B00062FCEE /* testar.app */,
				A1FFD81B2CC0A2B10062FCEE /* testarTests.xctest */,
				A1FFD8252CC0A2B10062FCEE /* testarUITests.xctest */,
			);
			name = Products;
			sourceTree = "<group>";
		};
/* End PBXGroup section */

/* Begin PBXNativeTarget section */
		A1FFD80A2CC0A2B00062FCEE /* testar */ = {
			isa = PBXNativeTarget;
			buildConfigurationList = A1FFD82F2CC0A2B10062FCEE /* Build configuration list for PBXNativeTarget "testar" */;
			buildPhases = (
				A1FFD8072CC0A2B00062FCEE /* Sources */,
				A1FFD8082CC0A2B00062FCEE /* Frameworks */,
				A1FFD8092CC0A2B00062FCEE /* Resources */,
			);
			buildRules = (
			);
			dependencies = (
			);
			fileSystemSynchronizedGroups = (
				A1FFD80D2CC0A2B00062FCEE /* testar */,
			);
			name = testar;
			packageProductDependencies = (
			);
			productName = testar;
			productReference = A1FFD80B2CC0A2B00062FCEE /* testar.app */;
			productType = "com.apple.product-type.application";
		};
		A1FFD81A2CC0A2B10062FCEE /* testarTests */ = {
			isa = PBXNativeTarget;
			buildConfigurationList = A1FFD8322CC0A2B10062FCEE /* Build configuration list for PBXNativeTarget "testarTests" */;
			buildPhases = (
				A1FFD8172CC0A2B10062FCEE /* Sources */,
				A1FFD8182CC0A2B10062FCEE /* Frameworks */,
				A1FFD8192CC0A2B10062FCEE /* Resources */,
			);
			buildRules = (
			);
			dependencies = (
				A1FFD81D2CC0A2B10062FCEE /* PBXTargetDependency */,
			);
			fileSystemSynchronizedGroups = (
				A1FFD81E2CC0A2B10062FCEE /* testarTests */,
			);
			name = testarTests;
			packageProductDependencies = (
			);
			productName = testarTests;
			productReference = A1FFD81B2CC0A2B10062FCEE /* testarTests.xctest */;
			productType = "com.apple.product-type.bundle.unit-test";
		};
		A1FFD8242CC0A2B10062FCEE /* testarUITests */ = {
			isa = PBXNativeTarget;
			buildConfigurationList = A1FFD8352CC0A2B10062FCEE /* Build configuration list for PBXNativeTarget "testarUITests" */;
			buildPhases = (
				A1FFD8212CC0A2B10062FCEE /* Sources */,
				A1FFD8222CC0A2B10062FCEE /* Frameworks */,
				A1FFD8232CC0A2B10062FCEE /* Resources */,
			);
			buildRules = (
			);
			dependencies = (
				A1FFD8272CC0A2B10062FCEE /* PBXTargetDependency */,
			);
			fileSystemSynchronizedGroups = (
				A1FFD8282CC0A2B10062FCEE /* testarUITests */,
			);
			name = testarUITests;
			packageProductDependencies = (
			);
			productName = testarUITests;
			productReference = A1FFD8252CC0A2B10062FCEE /* testarUITests.xctest */;
			productType = "com.apple.product-type.bundle.ui-testing";
		};
/* End PBXNativeTarget section */

/* Begin PBXProject section */
		A1FFD8032CC0A2B00062FCEE /* Project object */ = {
			isa = PBXProject;
			attributes = {
				BuildIndependentTargetsInParallel = 1;
				LastSwiftUpdateCheck = 1600;
				LastUpgradeCheck = 1600;
				TargetAttributes = {
					A1FFD80A2CC0A2B00062FCEE = {
						CreatedOnToolsVersion = 16.0;
					};
					A1FFD81A2CC0A2B10062FCEE = {
						CreatedOnToolsVersion = 16.0;
						TestTargetID = A1FFD80A2CC0A2B00062FCEE;
					};
					A1FFD8242CC0A2B10062FCEE = {
						CreatedOnToolsVersion = 16.0;
						TestTargetID = A1FFD80A2CC0A2B00062FCEE;
					};
				};
			};
			buildConfigurationList = A1FFD8062CC0A2B00062FCEE /* Build configuration list for PBXProject "testar" */;
			developmentRegion = en;
			hasScannedForEncodings = 0;
			knownRegions = (
				en,
				Base,
			);
			mainGroup = A1FFD8022CC0A2B00062FCEE;
			minimizedProjectReferenceProxies = 1;
			packageReferences = (
			);
			preferredProjectObjectVersion = 77;
			productRefGroup = A1FFD80C2CC0A2B00062FCEE /* Products */;
			projectDirPath = "";
			projectRoot = "";
			targets = (
				A1FFD80A2CC0A2B00062FCEE /* testar */,
				A1FFD81A2CC0A2B10062FCEE /* testarTests */,
				A1FFD8242CC0A2B10062FCEE /* testarUITests */,
			);
		};
/* End PBXProject section */

/* Begin PBXResourcesBuildPhase section */
		A1FFD8092CC0A2B00062FCEE /* Resources */ = {
			isa = PBXResourcesBuildPhase;
			buildActionMask = 2147483647;
			files = (
			);
			runOnlyForDeploymentPostprocessing = 0;
		};
		A1FFD8192CC0A2B10062FCEE /* Resources */ = {
			isa = PBXResourcesBuildPhase;
			buildActionMask = 2147483647;
			files = (
			);
			runOnlyForDeploymentPostprocessing = 0;
		};
		A1FFD8232CC0A2B10062FCEE /* Resources */ = {
			isa = PBXResourcesBuildPhase;
			buildActionMask = 2147483647;
			files = (
			);
			runOnlyForDeploymentPostprocessing = 0;
		};
/* End PBXResourcesBuildPhase section */

/* Begin PBXSourcesBuildPhase section */
		A1FFD8072CC0A2B00062FCEE /* Sources */ = {
			isa = PBXSourcesBuildPhase;
			buildActionMask = 2147483647;
			files = (
			);
			runOnlyForDeploymentPostprocessing = 0;
		};
		A1FFD8172CC0A2B10062FCEE /* Sources */ = {
			isa = PBXSourcesBuildPhase;
			buildActionMask = 2147483647;
			files = (
			);
			runOnlyForDeploymentPostprocessing = 0;
		};
		A1FFD8212CC0A2B10062FCEE /* Sources */ = {
			isa = PBXSourcesBuildPhase;
			buildActionMask = 2147483647;
			files = (
			);
			runOnlyForDeploymentPostprocessing = 0;
		};
/* End PBXSourcesBuildPhase section */

/* Begin PBXTargetDependency section */
		A1FFD81D2CC0A2B10062FCEE /* PBXTargetDependency */ = {
			isa = PBXTargetDependency;
			target = A1FFD80A2CC0A2B00062FCEE /* testar */;
			targetProxy = A1FFD81C2CC0A2B10062FCEE /* PBXContainerItemProxy */;
		};
		A1FFD8272CC0A2B10062FCEE /* PBXTargetDependency */ = {
			isa = PBXTargetDependency;
			target = A1FFD80A2CC0A2B00062FCEE /* testar */;
			targetProxy = A1FFD8262CC0A2B10062FCEE /* PBXContainerItemProxy */;
		};
/* End PBXTargetDependency section */

/* Begin XCBuildConfiguration section */
		A1FFD82D2CC0A2B10062FCEE /* Debug */ = {
			isa = XCBuildConfiguration;
			buildSettings = {
				ALWAYS_SEARCH_USER_PATHS = NO;
				ASSETCATALOG_COMPILER_GENERATE_SWIFT_ASSET_SYMBOL_EXTENSIONS = YES;
				CLANG_ANALYZER_NONNULL = YES;
				CLANG_ANALYZER_NUMBER_OBJECT_CONVERSION = YES_AGGRESSIVE;
				CLANG_CXX_LANGUAGE_STANDARD = "gnu++20";
				CLANG_ENABLE_MODULES = YES;
				CLANG_ENABLE_OBJC_ARC = YES;
				CLANG_ENABLE_OBJC_WEAK = YES;
				CLANG_WARN_BLOCK_CAPTURE_AUTORELEASING = YES;
				CLANG_WARN_BOOL_CONVERSION = YES;
				CLANG_WARN_COMMA = YES;
				CLANG_WARN_CONSTANT_CONVERSION = YES;
				CLANG_WARN_DEPRECATED_OBJC_IMPLEMENTATIONS = YES;
				CLANG_WARN_DIRECT_OBJC_ISA_USAGE = YES_ERROR;
				CLANG_WARN_DOCUMENTATION_COMMENTS = YES;
				CLANG_WARN_EMPTY_BODY = YES;
				CLANG_WARN_ENUM_CONVERSION = YES;
				CLANG_WARN_INFINITE_RECURSION = YES;
				CLANG_WARN_INT_CONVERSION = YES;
				CLANG_WARN_NON_LITERAL_NULL_CONVERSION = YES;
				CLANG_WARN_OBJC_IMPLICIT_RETAIN_SELF = YES;
				CLANG_WARN_OBJC_LITERAL_CONVERSION = YES;
				CLANG_WARN_OBJC_ROOT_CLASS = YES_ERROR;
				CLANG_WARN_QUOTED_INCLUDE_IN_FRAMEWORK_HEADER = YES;
				CLANG_WARN_RANGE_LOOP_ANALYSIS = YES;
				CLANG_WARN_STRICT_PROTOTYPES = YES;
				CLANG_WARN_SUSPICIOUS_MOVE = YES;
				CLANG_WARN_UNGUARDED_AVAILABILITY = YES_AGGRESSIVE;
				CLANG_WARN_UNREACHABLE_CODE = YES;
				CLANG_WARN__DUPLICATE_METHOD_MATCH = YES;
				COPY_PHASE_STRIP = NO;
				DEBUG_INFORMATION_FORMAT = dwarf;
				ENABLE_STRICT_OBJC_MSGSEND = YES;
				ENABLE_TESTABILITY = YES;
				ENABLE_USER_SCRIPT_SANDBOXING = YES;
				GCC_C_LANGUAGE_STANDARD = gnu17;
				GCC_DYNAMIC_NO_PIC = NO;
				GCC_NO_COMMON_BLOCKS = YES;
				GCC_OPTIMIZATION_LEVEL = 0;
				GCC_PREPROCESSOR_DEFINITIONS = (
					"DEBUG=1",
					"$(inherited)",
				);
				GCC_WARN_64_TO_32_BIT_CONVERSION = YES;
				GCC_WARN_ABOUT_RETURN_TYPE = YES_ERROR;
				GCC_WARN_UNDECLARED_SELECTOR = YES;
				GCC_WARN_UNINITIALIZED_AUTOS = YES_AGGRESSIVE;
				GCC_WARN_UNUSED_FUNCTION = YES;
				GCC_WARN_UNUSED_VARIABLE = YES;
				IPHONEOS_DEPLOYMENT_TARGET = 18.0;
				LOCALIZATION_PREFERS_STRING_CATALOGS = YES;
				MTL_ENABLE_DEBUG_INFO = INCLUDE_SOURCE;
				MTL_FAST_MATH = YES;
				ONLY_ACTIVE_ARCH = YES;
				SDKROOT = iphoneos;
				SWIFT_ACTIVE_COMPILATION_CONDITIONS = "DEBUG $(inherited)";
				SWIFT_OPTIMIZATION_LEVEL = "-Onone";
			};
			name = Debug;
		};
		A1FFD82E2CC0A2B10062FCEE /* Release */ = {
			isa = XCBuildConfiguration;
			buildSettings = {
				ALWAYS_SEARCH_USER_PATHS = NO;
				ASSETCATALOG_COMPILER_GENERATE_SWIFT_ASSET_SYMBOL_EXTENSIONS = YES;
				CLANG_ANALYZER_NONNULL = YES;
				CLANG_ANALYZER_NUMBER_OBJECT_CONVERSION = YES_AGGRESSIVE;
				CLANG_CXX_LANGUAGE_STANDARD = "gnu++20";
				CLANG_ENABLE_MODULES = YES;
				CLANG_ENABLE_OBJC_ARC = YES;
				CLANG_ENABLE_OBJC_WEAK = YES;
				CLANG_WARN_BLOCK_CAPTURE_AUTORELEASING = YES;
				CLANG_WARN_BOOL_CONVERSION = YES;
				CLANG_WARN_COMMA = YES;
				CLANG_WARN_CONSTANT_CONVERSION = YES;
				CLANG_WARN_DEPRECATED_OBJC_IMPLEMENTATIONS = YES;
				CLANG_WARN_DIRECT_OBJC_ISA_USAGE = YES_ERROR;
				CLANG_WARN_DOCUMENTATION_COMMENTS = YES;
				CLANG_WARN_EMPTY_BODY = YES;
				CLANG_WARN_ENUM_CONVERSION = YES;
				CLANG_WARN_INFINITE_RECURSION = YES;
				CLANG_WARN_INT_CONVERSION = YES;
				CLANG_WARN_NON_LITERAL_NULL_CONVERSION = YES;
				CLANG_WARN_OBJC_IMPLICIT_RETAIN_SELF = YES;
				CLANG_WARN_OBJC_LITERAL_CONVERSION = YES;
				CLANG_WARN_OBJC_ROOT_CLASS = YES_ERROR;
				CLANG_WARN_QUOTED_INCLUDE_IN_FRAMEWORK_HEADER = YES;
				CLANG_WARN_RANGE_LOOP_ANALYSIS = YES;
				CLANG_WARN_STRICT_PROTOTYPES = YES;
				CLANG_WARN_SUSPICIOUS_MOVE = YES;
				CLANG_WARN_UNGUARDED_AVAILABILITY = YES_AGGRESSIVE;
				CLANG_WARN_UNREACHABLE_CODE = YES;
				CLANG_WARN__DUPLICATE_METHOD_MATCH = YES;
				COPY_PHASE_STRIP = NO;
				DEBUG_INFORMATION_FORMAT = "dwarf-with-dsym";
				ENABLE_NS_ASSERTIONS = NO;
				ENABLE_STRICT_OBJC_MSGSEND = YES;
				ENABLE_USER_SCRIPT_SANDBOXING = YES;
				GCC_C_LANGUAGE_STANDARD = gnu17;
				GCC_NO_COMMON_BLOCKS = YES;
				GCC_WARN_64_TO_32_BIT_CONVERSION = YES;
				GCC_WARN_ABOUT_RETURN_TYPE = YES_ERROR;
				GCC_WARN_UNDECLARED_SELECTOR = YES;
				GCC_WARN_UNINITIALIZED_AUTOS = YES_AGGRESSIVE;
				GCC_WARN_UNUSED_FUNCTION = YES;
				GCC_WARN_UNUSED_VARIABLE = YES;
				IPHONEOS_DEPLOYMENT_TARGET = 18.0;
				LOCALIZATION_PREFERS_STRING_CATALOGS = YES;
				MTL_ENABLE_DEBUG_INFO = NO;
				MTL_FAST_MATH = YES;
				SDKROOT = iphoneos;
				SWIFT_COMPILATION_MODE = wholemodule;
				VALIDATE_PRODUCT = YES;
			};
			name = Release;
		};
		A1FFD8302CC0A2B10062FCEE /* Debug */ = {
			isa = XCBuildConfiguration;
			buildSettings = {
				ASSETCATALOG_COMPILER_APPICON_NAME = AppIcon;
				ASSETCATALOG_COMPILER_GLOBAL_ACCENT_COLOR_NAME = AccentColor;
				CODE_SIGN_STYLE = Automatic;
				CURRENT_PROJECT_VERSION = 1;
				DEVELOPMENT_ASSET_PATHS = "\"testar/Preview Content\"";
				DEVELOPMENT_TEAM = A2HUR5KZHJ;
				ENABLE_PREVIEWS = YES;
				GENERATE_INFOPLIST_FILE = YES;
				INFOPLIST_FILE = testar/Info.plist;
				INFOPLIST_KEY_NSCameraUsageDescription = "";
				INFOPLIST_KEY_UIApplicationSupportsIndirectInputEvents = YES;
				INFOPLIST_KEY_UILaunchScreen_Generation = YES;
				INFOPLIST_KEY_UIRequiredDeviceCapabilities = arkit;
				INFOPLIST_KEY_UIStatusBarHidden = YES;
				INFOPLIST_KEY_UISupportedInterfaceOrientations_iPad = "UIInterfaceOrientationPortrait UIInterfaceOrientationPortraitUpsideDown UIInterfaceOrientationLandscapeLeft UIInterfaceOrientationLandscapeRight";
				INFOPLIST_KEY_UISupportedInterfaceOrientations_iPhone = "UIInterfaceOrientationPortrait UIInterfaceOrientationLandscapeLeft UIInterfaceOrientationLandscapeRight";
				LD_RUNPATH_SEARCH_PATHS = (
					"$(inherited)",
					"@executable_path/Frameworks",
				);
				MARKETING_VERSION = 1.0;
				PRODUCT_BUNDLE_IDENTIFIER = sodaaaaa.testar;
				PRODUCT_NAME = "$(TARGET_NAME)";
				SWIFT_EMIT_LOC_STRINGS = YES;
				SWIFT_VERSION = 5.0;
				TARGETED_DEVICE_FAMILY = "1,2";
			};
			name = Debug;
		};
		A1FFD8312CC0A2B10062FCEE /* Release */ = {
			isa = XCBuildConfiguration;
			buildSettings = {
				ASSETCATALOG_COMPILER_APPICON_NAME = AppIcon;
				ASSETCATALOG_COMPILER_GLOBAL_ACCENT_COLOR_NAME = AccentColor;
				CODE_SIGN_STYLE = Automatic;
				CURRENT_PROJECT_VERSION = 1;
				DEVELOPMENT_ASSET_PATHS = "\"testar/Preview Content\"";
				DEVELOPMENT_TEAM = A2HUR5KZHJ;
				ENABLE_PREVIEWS = YES;
				GENERATE_INFOPLIST_FILE = YES;
				INFOPLIST_FILE = testar/Info.plist;
				INFOPLIST_KEY_NSCameraUsageDescription = "";
				INFOPLIST_KEY_UIApplicationSupportsIndirectInputEvents = YES;
				INFOPLIST_KEY_UILaunchScreen_Generation = YES;
				INFOPLIST_KEY_UIRequiredDeviceCapabilities = arkit;
				INFOPLIST_KEY_UIStatusBarHidden = YES;
				INFOPLIST_KEY_UISupportedInterfaceOrientations_iPad = "UIInterfaceOrientationPortrait UIInterfaceOrientationPortraitUpsideDown UIInterfaceOrientationLandscapeLeft UIInterfaceOrientationLandscapeRight";
				INFOPLIST_KEY_UISupportedInterfaceOrientations_iPhone = "UIInterfaceOrientationPortrait UIInterfaceOrientationLandscapeLeft UIInterfaceOrientationLandscapeRight";
				LD_RUNPATH_SEARCH_PATHS = (
					"$(inherited)",
					"@executable_path/Frameworks",
				);
				MARKETING_VERSION = 1.0;
				PRODUCT_BUNDLE_IDENTIFIER = sodaaaaa.testar;
				PRODUCT_NAME = "$(TARGET_NAME)";
				SWIFT_EMIT_LOC_STRINGS = YES;
				SWIFT_VERSION = 5.0;
				TARGETED_DEVICE_FAMILY = "1,2";
			};
			name = Release;
		};
		A1FFD8332CC0A2B10062FCEE /* Debug */ = {
			isa = XCBuildConfiguration;
			buildSettings = {
				BUNDLE_LOADER = "$(TEST_HOST)";
				CODE_SIGN_STYLE = Automatic;
				CURRENT_PROJECT_VERSION = 1;
				DEVELOPMENT_TEAM = A2HUR5KZHJ;
				GENERATE_INFOPLIST_FILE = YES;
				IPHONEOS_DEPLOYMENT_TARGET = 18.0;
				MARKETING_VERSION = 1.0;
				PRODUCT_BUNDLE_IDENTIFIER = sodaaaaa.testarTests;
				PRODUCT_NAME = "$(TARGET_NAME)";
				SWIFT_EMIT_LOC_STRINGS = NO;
				SWIFT_VERSION = 5.0;
				TARGETED_DEVICE_FAMILY = "1,2";
				TEST_HOST = "$(BUILT_PRODUCTS_DIR)/testar.app/$(BUNDLE_EXECUTABLE_FOLDER_PATH)/testar";
			};
			name = Debug;
		};
		A1FFD8342CC0A2B10062FCEE /* Release */ = {
			isa = XCBuildConfiguration;
			buildSettings = {
				BUNDLE_LOADER = "$(TEST_HOST)";
				CODE_SIGN_STYLE = Automatic;
				CURRENT_PROJECT_VERSION = 1;
				DEVELOPMENT_TEAM = A2HUR5KZHJ;
				GENERATE_INFOPLIST_FILE = YES;
				IPHONEOS_DEPLOYMENT_TARGET = 18.0;
				MARKETING_VERSION = 1.0;
				PRODUCT_BUNDLE_IDENTIFIER = sodaaaaa.testarTests;
				PRODUCT_NAME = "$(TARGET_NAME)";
				SWIFT_EMIT_LOC_STRINGS = NO;
				SWIFT_VERSION = 5.0;
				TARGETED_DEVICE_FAMILY = "1,2";
				TEST_HOST = "$(BUILT_PRODUCTS_DIR)/testar.app/$(BUNDLE_EXECUTABLE_FOLDER_PATH)/testar";
			};
			name = Release;
		};
		A1FFD8362CC0A2B10062FCEE /* Debug */ = {
			isa = XCBuildConfiguration;
			buildSettings = {
				CODE_SIGN_STYLE = Automatic;
				CURRENT_PROJECT_VERSION = 1;
				DEVELOPMENT_TEAM = A2HUR5KZHJ;
				GENERATE_INFOPLIST_FILE = YES;
				MARKETING_VERSION = 1.0;
				PRODUCT_BUNDLE_IDENTIFIER = sodaaaaa.testarUITests;
				PRODUCT_NAME = "$(TARGET_NAME)";
				SWIFT_EMIT_LOC_STRINGS = NO;
				SWIFT_VERSION = 5.0;
				TARGETED_DEVICE_FAMILY = "1,2";
				TEST_TARGET_NAME = testar;
			};
			name = Debug;
		};
		A1FFD8372CC0A2B10062FCEE /* Release */ = {
			isa = XCBuildConfiguration;
			buildSettings = {
				CODE_SIGN_STYLE = Automatic;
				CURRENT_PROJECT_VERSION = 1;
				DEVELOPMENT_TEAM = A2HUR5KZHJ;
				GENERATE_INFOPLIST_FILE = YES;
				MARKETING_VERSION = 1.0;
				PRODUCT_BUNDLE_IDENTIFIER = sodaaaaa.testarUITests;
				PRODUCT_NAME = "$(TARGET_NAME)";
				SWIFT_EMIT_LOC_STRINGS = NO;
				SWIFT_VERSION = 5.0;
				TARGETED_DEVICE_FAMILY = "1,2";
				TEST_TARGET_NAME = testar;
			};
			name = Release;
		};
/* End XCBuildConfiguration section */

/* Begin XCConfigurationList section */
		A1FFD8062CC0A2B00062FCEE /* Build configuration list for PBXProject "testar" */ = {
			isa = XCConfigurationList;
			buildConfigurations = (
				A1FFD82D2CC0A2B10062FCEE /* Debug */,
				A1FFD82E2CC0A2B10062FCEE /* Release */,
			);
			defaultConfigurationIsVisible = 0;
			defaultConfigurationName = Release;
		};
		A1FFD82F2CC0A2B10062FCEE /* Build configuration list for PBXNativeTarget "testar" */ = {
			isa = XCConfigurationList;
			buildConfigurations = (
				A1FFD8302CC0A2B10062FCEE /* Debug */,
				A1FFD8312CC0A2B10062FCEE /* Release */,
			);
			defaultConfigurationIsVisible = 0;
			defaultConfigurationName = Release;
		};
		A1FFD8322CC0A2B10062FCEE /* Build configuration list for PBXNativeTarget "testarTests" */ = {
			isa = XCConfigurationList;
			buildConfigurations = (
				A1FFD8332CC0A2B10062FCEE /* Debug */,
				A1FFD8342CC0A2B10062FCEE /* Release */,
			);
			defaultConfigurationIsVisible = 0;
			defaultConfigurationName = Release;
		};
		A1FFD8352CC0A2B10062FCEE /* Build configuration list for PBXNativeTarget "testarUITests" */ = {
			isa = XCConfigurationList;
			buildConfigurations = (
				A1FFD8362CC0A2B10062FCEE /* Debug */,
				A1FFD8372CC0A2B10062FCEE /* Release */,
			);
			defaultConfigurationIsVisible = 0;
			defaultConfigurationName = Release;
		};
/* End XCConfigurationList section */
	};
	rootObject = A1FFD8032CC0A2B00062FCEE /* Project object */;
}
